
Microsoft Visual Studio Solution File, Format Version 12.00
# Visual Studio 14
VisualStudioVersion = 14.0.25420.1
MinimumVisualStudioVersion = 10.0.40219.1
Project("{159641D6-6404-4A2A-AE62-294DE0FE8301}") = "P0043 - Macmillan CPR", "P0043 - Macmillan CPR\P0043 - Macmillan CPR.dtproj", "{BFD9071A-F14F-4854-A8FF-3A22FD2A2069}"
EndProject
Global
	GlobalSection(SolutionConfigurationPlatforms) = preSolution
		Development|Default = Development|Default
	EndGlobalSection
	GlobalSection(ProjectConfigurationPlatforms) = postSolution
		{BFD9071A-F14F-4854-A8FF-3A22FD2A2069}.Development|Default.ActiveCfg = Development
		{BFD9071A-F14F-4854-A8FF-3A22FD2A2069}.Development|Default.Build.0 = Development
	EndGlobalSection
	GlobalSection(SolutionProperties) = preSolution
		HideSolutionNode = FALSE
	EndGlobalSection
EndGlobal
